
Microsoft Visual Studio Solution File, Format Version 12.00
Project("{FAE04EC0-301F-11D3-BF4B-00C04F79EFBC}") = "AggressiveAcorns", "AggressiveAcorns\AggressiveAcorns.csproj", "{212350BD-CA4E-4656-9FDB-2126938E7C1A}"
EndProject
Project("{FAE04EC0-301F-11D3-BF4B-00C04F79EFBC}") = "TestHarmony", "TestHarmony\TestHarmony.csproj", "{26C2F3E9-6F56-4F8A-896B-A5FD78911CE3}"
EndProject
Global
	GlobalSection(SolutionConfigurationPlatforms) = preSolution
		Debug|Any CPU = Debug|Any CPU
		Release|Any CPU = Release|Any CPU
	EndGlobalSection
	GlobalSection(ProjectConfigurationPlatforms) = postSolution
		{212350BD-CA4E-4656-9FDB-2126938E7C1A}.Debug|Any CPU.ActiveCfg = Debug|Any CPU
		{212350BD-CA4E-4656-9FDB-2126938E7C1A}.Debug|Any CPU.Build.0 = Debug|Any CPU
		{212350BD-CA4E-4656-9FDB-2126938E7C1A}.Release|Any CPU.ActiveCfg = Release|Any CPU
		{212350BD-CA4E-4656-9FDB-2126938E7C1A}.Release|Any CPU.Build.0 = Release|Any CPU
		{26C2F3E9-6F56-4F8A-896B-A5FD78911CE3}.Debug|Any CPU.ActiveCfg = Debug|Any CPU
		{26C2F3E9-6F56-4F8A-896B-A5FD78911CE3}.Release|Any CPU.ActiveCfg = Release|Any CPU
		{26C2F3E9-6F56-4F8A-896B-A5FD78911CE3}.Release|Any CPU.Build.0 = Release|Any CPU
	EndGlobalSection
EndGlobal
